
Microsoft Visual Studio Solution File, Format Version 12.00
# Visual Studio Version 17
VisualStudioVersion = 17.0.31903.59
MinimumVisualStudioVersion = 10.0.40219.1
Project("{2150E333-8FDC-42A3-9474-1A3956D46DE8}") = "Core", "Core", "{A3EF2FB3-2358-491F-9E71-24546DD37F9C}"
EndProject
Project("{9A19103F-16F7-4668-BE54-9A1E7A4F7556}") = "ShapeAnalyzer", "Core\ShapeAnalyzer\ShapeAnalyzer.csproj", "{C286ED3E-6079-4566-93CC-1D34EA6FE463}"
EndProject
Project("{2150E333-8FDC-42A3-9474-1A3956D46DE8}") = "Clients", "Clients", "{572EB074-67AC-4A13-9F45-1E2666EC5207}"
EndProject
Project("{9A19103F-16F7-4668-BE54-9A1E7A4F7556}") = "CliClient", "Clients\CliClient\CliClient.csproj", "{F98B5D81-2077-49A4-9DC9-41FECD00AEF1}"
EndProject
Project("{2150E333-8FDC-42A3-9474-1A3956D46DE8}") = "Common", "Common", "{BFD8E105-8622-4C99-892F-49FFAE0EF213}"
EndProject
Project("{9A19103F-16F7-4668-BE54-9A1E7A4F7556}") = "CustomShapes", "Clients\Common\CustomShapes\CustomShapes.csproj", "{1AB9DD83-8951-4F86-9019-60059C8BDCEA}"
EndProject
Project("{9A19103F-16F7-4668-BE54-9A1E7A4F7556}") = "HttpClient", "Clients\HttpClient\HttpClient.csproj", "{D94A4B4D-7796-44AA-85CB-9F25D559D285}"
EndProject
Project("{9A19103F-16F7-4668-BE54-9A1E7A4F7556}") = "ShapeAnalyzer.DependencyInjection", "Core\ShapeAnalyzer.DependencyInjection\ShapeAnalyzer.DependencyInjection.csproj", "{1C373A82-DAF2-431B-B4C2-C5DDF8C58B9B}"
EndProject
Global
	GlobalSection(SolutionConfigurationPlatforms) = preSolution
		Debug|Any CPU = Debug|Any CPU
		Release|Any CPU = Release|Any CPU
	EndGlobalSection
	GlobalSection(ProjectConfigurationPlatforms) = postSolution
		{C286ED3E-6079-4566-93CC-1D34EA6FE463}.Debug|Any CPU.ActiveCfg = Debug|Any CPU
		{C286ED3E-6079-4566-93CC-1D34EA6FE463}.Debug|Any CPU.Build.0 = Debug|Any CPU
		{C286ED3E-6079-4566-93CC-1D34EA6FE463}.Release|Any CPU.ActiveCfg = Release|Any CPU
		{C286ED3E-6079-4566-93CC-1D34EA6FE463}.Release|Any CPU.Build.0 = Release|Any CPU
		{F98B5D81-2077-49A4-9DC9-41FECD00AEF1}.Debug|Any CPU.ActiveCfg = Debug|Any CPU
		{F98B5D81-2077-49A4-9DC9-41FECD00AEF1}.Debug|Any CPU.Build.0 = Debug|Any CPU
		{F98B5D81-2077-49A4-9DC9-41FECD00AEF1}.Release|Any CPU.ActiveCfg = Release|Any CPU
		{F98B5D81-2077-49A4-9DC9-41FECD00AEF1}.Release|Any CPU.Build.0 = Release|Any CPU
		{1AB9DD83-8951-4F86-9019-60059C8BDCEA}.Debug|Any CPU.ActiveCfg = Debug|Any CPU
		{1AB9DD83-8951-4F86-9019-60059C8BDCEA}.Debug|Any CPU.Build.0 = Debug|Any CPU
		{1AB9DD83-8951-4F86-9019-60059C8BDCEA}.Release|Any CPU.ActiveCfg = Release|Any CPU
		{1AB9DD83-8951-4F86-9019-60059C8BDCEA}.Release|Any CPU.Build.0 = Release|Any CPU
		{D94A4B4D-7796-44AA-85CB-9F25D559D285}.Debug|Any CPU.ActiveCfg = Debug|Any CPU
		{D94A4B4D-7796-44AA-85CB-9F25D559D285}.Debug|Any CPU.Build.0 = Debug|Any CPU
		{D94A4B4D-7796-44AA-85CB-9F25D559D285}.Release|Any CPU.ActiveCfg = Release|Any CPU
		{D94A4B4D-7796-44AA-85CB-9F25D559D285}.Release|Any CPU.Build.0 = Release|Any CPU
		{1C373A82-DAF2-431B-B4C2-C5DDF8C58B9B}.Debug|Any CPU.ActiveCfg = Debug|Any CPU
		{1C373A82-DAF2-431B-B4C2-C5DDF8C58B9B}.Debug|Any CPU.Build.0 = Debug|Any CPU
		{1C373A82-DAF2-431B-B4C2-C5DDF8C58B9B}.Release|Any CPU.ActiveCfg = Release|Any CPU
		{1C373A82-DAF2-431B-B4C2-C5DDF8C58B9B}.Release|Any CPU.Build.0 = Release|Any CPU
	EndGlobalSection
	GlobalSection(SolutionProperties) = preSolution
		HideSolutionNode = FALSE
	EndGlobalSection
	GlobalSection(NestedProjects) = preSolution
		{C286ED3E-6079-4566-93CC-1D34EA6FE463} = {A3EF2FB3-2358-491F-9E71-24546DD37F9C}
		{F98B5D81-2077-49A4-9DC9-41FECD00AEF1} = {572EB074-67AC-4A13-9F45-1E2666EC5207}
		{BFD8E105-8622-4C99-892F-49FFAE0EF213} = {572EB074-67AC-4A13-9F45-1E2666EC5207}
		{1AB9DD83-8951-4F86-9019-60059C8BDCEA} = {BFD8E105-8622-4C99-892F-49FFAE0EF213}
		{D94A4B4D-7796-44AA-85CB-9F25D559D285} = {572EB074-67AC-4A13-9F45-1E2666EC5207}
		{1C373A82-DAF2-431B-B4C2-C5DDF8C58B9B} = {A3EF2FB3-2358-491F-9E71-24546DD37F9C}
	EndGlobalSection
	GlobalSection(ExtensibilityGlobals) = postSolution
		SolutionGuid = {D0FB3D4C-617E-4F61-8316-C649AE8CFB0B}
	EndGlobalSection
EndGlobal
